
Microsoft Visual Studio Solution File, Format Version 12.00
# Visual Studio Version 16
VisualStudioVersion = 16.0.32002.261
MinimumVisualStudioVersion = 10.0.40219.1
Project("{FAE04EC0-301F-11D3-BF4B-00C04F79EFBC}") = "Pet Shop", "Pet Shop\Pet Shop.csproj", "{948CF551-ADA9-4FC8-9C6B-D4DB8AF23E6A}"
EndProject
Global
	GlobalSection(SolutionConfigurationPlatforms) = preSolution
		Debug|Any CPU = Debug|Any CPU
		Release|Any CPU = Release|Any CPU
	EndGlobalSection
	GlobalSection(ProjectConfigurationPlatforms) = postSolution
		{948CF551-ADA9-4FC8-9C6B-D4DB8AF23E6A}.Debug|Any CPU.ActiveCfg = Debug|Any CPU
		{948CF551-ADA9-4FC8-9C6B-D4DB8AF23E6A}.Debug|Any CPU.Build.0 = Debug|Any CPU
		{948CF551-ADA9-4FC8-9C6B-D4DB8AF23E6A}.Release|Any CPU.ActiveCfg = Release|Any CPU
		{948CF551-ADA9-4FC8-9C6B-D4DB8AF23E6A}.Release|Any CPU.Build.0 = Release|Any CPU
	EndGlobalSection
	GlobalSection(SolutionProperties) = preSolution
		HideSolutionNode = FALSE
	EndGlobalSection
	GlobalSection(ExtensibilityGlobals) = postSolution
		SolutionGuid = {A2F58749-2713-4F97-9704-37BF876018EB}
	EndGlobalSection
EndGlobal
