
Microsoft Visual Studio Solution File, Format Version 12.00
# Visual Studio Version 17
VisualStudioVersion = 17.1.32421.90
MinimumVisualStudioVersion = 10.0.40219.1
Project("{9A19103F-16F7-4668-BE54-9A1E7A4F7556}") = "1.First steps in coding - Hello Csharp", "1.First steps in coding - Hello Csharp\1.First steps in coding - Hello Csharp.csproj", "{555E6A5D-1C27-41F7-A7E1-B52A3901338E}"
EndProject
Project("{9A19103F-16F7-4668-BE54-9A1E7A4F7556}") = "1.First steps in coding - Expression", "1.First steps in coding - Expression\1.First steps in coding - Expression.csproj", "{256E7E20-3B1A-4739-BB1B-CD7050EA967A}"
EndProject
Project("{9A19103F-16F7-4668-BE54-9A1E7A4F7556}") = "1.First steps in coding - Nums1to20", "1.First steps in coding - Nums1to20\1.First steps in coding - Nums1to20.csproj", "{CD6359AC-3648-4B36-8D21-DE454FD81D61}"
EndProject
Project("{9A19103F-16F7-4668-BE54-9A1E7A4F7556}") = "1.First steps in coding - TriangleOf55Stars", "1.First steps in coding - TriangleOf55Stars\1.First steps in coding - TriangleOf55Stars.csproj", "{8F05D187-5CB8-444D-A36B-BC4AD54EA888}"
EndProject
Project("{9A19103F-16F7-4668-BE54-9A1E7A4F7556}") = "1.First steps in coding - Rectangle area", "1.First steps in coding - Rectangle area\1.First steps in coding - Rectangle area.csproj", "{2D4F5B02-6F15-4F49-980E-8F043A0490D4}"
EndProject
Project("{9A19103F-16F7-4668-BE54-9A1E7A4F7556}") = "1.First steps in coding - Square of Stars", "1.First steps in coding - Square of Stars\1.First steps in coding - Square of Stars.csproj", "{D465B6F4-A1CD-4A25-8E5B-551692782787}"
EndProject
Project("{9A19103F-16F7-4668-BE54-9A1E7A4F7556}") = "1.First steps in coding - Sumator", "1.First steps in coding - Sumator\1.First steps in coding - Sumator.csproj", "{049C27F0-BF41-481E-A64D-AEF26BBDC23E}"
EndProject
Project("{FAE04EC0-301F-11D3-BF4B-00C04F79EFBC}") = "2.1. Simple Calculations - Square area", "2.1. Simple Calculations - Square area\2.1. Simple Calculations - Square area.csproj", "{018BC9BE-CEE4-446E-BA25-3057C844185D}"
EndProject
Project("{FAE04EC0-301F-11D3-BF4B-00C04F79EFBC}") = "2.1. Simple Calculations - Greeting by Name", "2.1. Simple Calculations - Greeting by Name\2.1. Simple Calculations - Greeting by Name.csproj", "{0B59A9E1-7349-4CEF-A495-02979895043F}"
EndProject
Project("{FAE04EC0-301F-11D3-BF4B-00C04F79EFBC}") = "2.1.Simple Calculations - Inches to centimeters", "2.1.Simple Calculations - Inches to centimeters\2.1.Simple Calculations - Inches to centimeters.csproj", "{91165A04-DB37-4C4A-9C10-0D047C121474}"
EndProject
Project("{FAE04EC0-301F-11D3-BF4B-00C04F79EFBC}") = "2.1. Simple Calculations - Concatenate Data", "2.1. Simple Calculations - Concatenate Data\2.1. Simple Calculations - Concatenate Data.csproj", "{7E10BFFA-7812-4B63-9F06-F1BDD8A4B31A}"
EndProject
Project("{FAE04EC0-301F-11D3-BF4B-00C04F79EFBC}") = "2.1. Simple Calculations - Trapeziod Area", "2.1. Simple Calculations - Trapeziod Area\2.1. Simple Calculations - Trapeziod Area.csproj", "{C49EFD98-111B-43D6-AB72-651E83FB1C7A}"
EndProject
Project("{FAE04EC0-301F-11D3-BF4B-00C04F79EFBC}") = "2.1. Simple Calculations - Circle Area and Perimeter", "2.1. Simple Calculations - Circle Area and Perimeter\2.1. Simple Calculations - Circle Area and Perimeter.csproj", "{3DE99543-69FD-40F5-9F3A-E9F6651C0463}"
EndProject
Project("{FAE04EC0-301F-11D3-BF4B-00C04F79EFBC}") = "2.1. Simple Calculations - 2D Rectangle Area", "2.1. Simple Calculations - 2D Rectangle Area\2.1. Simple Calculations - 2D Rectangle Area.csproj", "{FC04476B-394C-4CE8-B681-973AE6D5B9E9}"
EndProject
Project("{FAE04EC0-301F-11D3-BF4B-00C04F79EFBC}") = "2.1. Simple Calculations - Triangle Area", "2.1. Simple Calculations - Triangle Area\2.1. Simple Calculations - Triangle Area.csproj", "{6390AED9-83B8-4BF7-AA32-21C4A555A302}"
EndProject
Project("{FAE04EC0-301F-11D3-BF4B-00C04F79EFBC}") = "2.1. Simple Calculations - Celsius to Fahrenheit", "2.1. Simple Calculations - Celsius to Fahrenheit\2.1. Simple Calculations - Celsius to Fahrenheit.csproj", "{3ADB5D95-4E80-403E-A56D-19B0DA68E564}"
EndProject
Project("{FAE04EC0-301F-11D3-BF4B-00C04F79EFBC}") = "2.1. Simple Calculations - Radians to Degrees", "2.1. Simple Calculations - Radians to Degrees\2.1. Simple Calculations - Radians to Degrees.csproj", "{10687F6B-572C-490D-968A-140DA54CCF21}"
EndProject
Project("{FAE04EC0-301F-11D3-BF4B-00C04F79EFBC}") = "2.1. Simple Calculations - USD to BGN", "2.1. Simple Calculations - USD to BGN\2.1. Simple Calculations - USD to BGN.csproj", "{B5C224D3-02DC-4C29-8501-50EC4B8519CB}"
EndProject
Project("{FAE04EC0-301F-11D3-BF4B-00C04F79EFBC}") = "2.1. Simple Calculations - Currency Converter", "2.1. Simple Calculations - Currency Converter\2.1. Simple Calculations - Currency Converter.csproj", "{A5EC6210-91C6-4BB3-81B2-7C0491E8392B}"
EndProject
Project("{FAE04EC0-301F-11D3-BF4B-00C04F79EFBC}") = "2.1. Simple Calculations - 1000 Days After Birth", "2.1. Simple Calculations - 1000 Days After Birth\2.1. Simple Calculations - 1000 Days After Birth.csproj", "{3FC98A4E-A1E5-46CC-9F79-A1F8258C87BC}"
EndProject
Project("{FAE04EC0-301F-11D3-BF4B-00C04F79EFBC}") = "2.2. Simple Calculations - Exam Problems - Training Lab", "2.2. Simple Conditions - Exam Problems - Training Lab\2.2. Simple Calculations - Exam Problems - Training Lab.csproj", "{F63A37F2-6A04-4D26-BBA4-1330604D110A}"
EndProject
Project("{FAE04EC0-301F-11D3-BF4B-00C04F79EFBC}") = "2.2. Simple Calculations - Exam Problems - Vegetable Market", "2.2. Simple Calculations - Exam Problems - Vegetable Market\2.2. Simple Calculations - Exam Problems - Vegetable Market.csproj", "{E7FA7051-9E8B-4A97-9F78-AB3C99ED0FB7}"
EndProject
Project("{FAE04EC0-301F-11D3-BF4B-00C04F79EFBC}") = "2.2. Simple Calculations - Exam Problems - Change Tiles", "2.2. Simple Calculations - Exam Problems - Change Tiles\2.2. Simple Calculations - Exam Problems - Change Tiles.csproj", "{C290CA5E-ED9B-4AE2-88A2-9D079DCECAE5}"
EndProject
Project("{FAE04EC0-301F-11D3-BF4B-00C04F79EFBC}") = "2.2. Simple Calculations - Exam Problems - Money", "2.2. Simple Calculations - Exam Problems - Money\2.2. Simple Calculations - Exam Problems - Money.csproj", "{321E2FC7-8917-429E-B4CD-6F55D184FBED}"
EndProject
Project("{FAE04EC0-301F-11D3-BF4B-00C04F79EFBC}") = "2.2. Simple Calculations - Exam Problems - Daily Earnings", "2.2. Simple Calculations - Exam Problems - Daily Earnings\2.2. Simple Calculations - Exam Problems - Daily Earnings.csproj", "{8CB35A41-8643-47C1-B654-A6CAB28CC245}"
EndProject
Project("{FAE04EC0-301F-11D3-BF4B-00C04F79EFBC}") = "3.1. Simple Conditions - Excellent Result", "3.1. Simple Conditions - Excellent Result\3.1. Simple Conditions - Excellent Result.csproj", "{9B8C2988-BB05-4A67-B978-24A164E9D172}"
EndProject
Project("{FAE04EC0-301F-11D3-BF4B-00C04F79EFBC}") = "3.1. Simple Conditions - Excellent or Not", "3.1. Simple Conditions - Excellent or Not\3.1. Simple Conditions - Excellent or Not.csproj", "{B06668BF-B1F1-4D15-AB0F-5C3D46651C02}"
EndProject
Project("{FAE04EC0-301F-11D3-BF4B-00C04F79EFBC}") = "3.1. Simple Conditions - Even or Odd", "3.1. Simple Conditions - Even or Odd\3.1. Simple Conditions - Even or Odd.csproj", "{B6655738-2346-4AA5-B115-0F42303E1766}"
EndProject
Project("{FAE04EC0-301F-11D3-BF4B-00C04F79EFBC}") = "3.1. Simple Conditions - Greater Number", "3.1. Simple Conditions - Greater Number\3.1. Simple Conditions - Greater Number.csproj", "{BC4915F5-1394-4EE9-91F8-D502D751E724}"
EndProject
Project("{FAE04EC0-301F-11D3-BF4B-00C04F79EFBC}") = "3.1. Simple Conditions - Number 0-9 to Text", "3.1. Simple Conditions - Number 0-9 to Text\3.1. Simple Conditions - Number 0-9 to Text.csproj", "{44762B13-B169-4910-9736-BB96C387BC10}"
EndProject
Project("{FAE04EC0-301F-11D3-BF4B-00C04F79EFBC}") = "3.1. Simple Conditions - Bonus Score", "3.1. Simple Conditions - Bonus Score\3.1. Simple Conditions - Bonus Score.csproj", "{ABE6D27B-84F7-4862-9CF8-58EEB5767A74}"
EndProject
Project("{FAE04EC0-301F-11D3-BF4B-00C04F79EFBC}") = "3.1. Simple Conditions - Sum Seconds", "3.1. Simple Conditions - Sum Seconds\3.1. Simple Conditions - Sum Seconds.csproj", "{6AA91393-58A6-463D-AE73-E746E25BEF75}"
EndProject
Project("{FAE04EC0-301F-11D3-BF4B-00C04F79EFBC}") = "3.1. Simple Conditions - Metric Converter", "3.1. Simple Conditions - Metric Converter\3.1. Simple Conditions - Metric Converter.csproj", "{54E106D1-FE39-46CF-97A6-070541080D6E}"
EndProject
Project("{FAE04EC0-301F-11D3-BF4B-00C04F79EFBC}") = "3.1. Simple Conditions - Password Guess", "3.1. Simple Conditions - Password Guess\3.1. Simple Conditions - Password Guess.csproj", "{0F3FBC0B-7FA2-46EB-B8BF-9341F73C61BF}"
EndProject
Project("{FAE04EC0-301F-11D3-BF4B-00C04F79EFBC}") = "3.1. Simple Conditions - Number 100-200", "3.1. Simple Conditions - Number 100-200\3.1. Simple Conditions - Number 100-200.csproj", "{947221B7-D613-4D15-ACAA-F1D491D61FE2}"
EndProject
Project("{FAE04EC0-301F-11D3-BF4B-00C04F79EFBC}") = "3.1. Simple Conditions - Equal Words", "3.1. Simple Conditions - Equal Words\3.1. Simple Conditions - Equal Words.csproj", "{AEDACF01-7260-48AC-833D-B08BB7D28852}"
EndProject
Project("{FAE04EC0-301F-11D3-BF4B-00C04F79EFBC}") = "3.1. Simple Conditions - Speed Info", "3.1. Simple Conditions - Speed Info\3.1. Simple Conditions - Speed Info.csproj", "{54ACA4F4-D405-4135-AD1A-68EDDAF39811}"
EndProject
Project("{FAE04EC0-301F-11D3-BF4B-00C04F79EFBC}") = "3.1. Simple Conditions - Area of Figures", "3.1. Simple Conditions - Area of Figures\3.1. Simple Conditions - Area of Figures.csproj", "{81DA5A19-DF88-4DBC-80CA-85103300870F}"
EndProject
Project("{FAE04EC0-301F-11D3-BF4B-00C04F79EFBC}") = "3.1. Simple Conditions - Time + 15 Minutes", "3.1. Simple Conditions - Time + 15 Minutes\3.1. Simple Conditions - Time + 15 Minutes.csproj", "{98197671-F6B1-439C-B070-6ACCE0669931}"
EndProject
Project("{FAE04EC0-301F-11D3-BF4B-00C04F79EFBC}") = "3.1. Simple Conditions - 3 Equal Numbers", "3.1. Simple Conditions - 3 Equal Numbers\3.1. Simple Conditions - 3 Equal Numbers.csproj", "{97CF6871-2FE6-4DED-BE7F-22F3B7B4F0E7}"
EndProject
Project("{FAE04EC0-301F-11D3-BF4B-00C04F79EFBC}") = "3.1. Simple Conditions - Number 0-100 to Text", "3.1. Simple Conditions - Number 0-100 to Text\3.1. Simple Conditions - Number 0-100 to Text.csproj", "{DA253825-A7D5-4422-9245-E44CC69FEDA6}"
EndProject
Project("{FAE04EC0-301F-11D3-BF4B-00C04F79EFBC}") = "3.2. Simple Conditions - Exam Problems - Transport Price", "3.2. Simple Conditions - Exam Problems - Transport Price\3.2. Simple Conditions - Exam Problems - Transport Price.csproj", "{4144731E-9A4D-4616-80AA-9F2FC879D1DE}"
EndProject
Project("{FAE04EC0-301F-11D3-BF4B-00C04F79EFBC}") = "2.1. Simple Calculations - GUI Converter BGN to EUR", "2.1. Simple Calculations - GUI Converter BGN to EUR\2.1. Simple Calculations - GUI Converter BGN to EUR.csproj", "{1ED593F1-67BD-4B6B-B3CC-BBCFAE02C499}"
EndProject
Project("{FAE04EC0-301F-11D3-BF4B-00C04F79EFBC}") = "3.2. Simple Conditions - Exam Problems - Pipes In Pool", "3.2. Simple Conditions - Exam Problems - Pipes In Pool\3.2. Simple Conditions - Exam Problems - Pipes In Pool.csproj", "{F12A3864-B352-4783-8547-21C8C37B07CB}"
EndProject
Project("{FAE04EC0-301F-11D3-BF4B-00C04F79EFBC}") = "3.2. Simple Conditions - Exam Problems - Sleepy Tom Cat", "3.2. Simple Conditions - Exam Problems - Sleepy Tom Cat\3.2. Simple Conditions - Exam Problems - Sleepy Tom Cat.csproj", "{A2F63332-D6B2-4387-A31C-FF14B2EDB2E9}"
EndProject
Project("{FAE04EC0-301F-11D3-BF4B-00C04F79EFBC}") = "3.2. Simple Conditions - Exam Problems - Harvest", "3.2. Simple Conditions - Exam Problems - Harvest\3.2. Simple Conditions - Exam Problems - Harvest.csproj", "{05B22DBF-E518-4DF5-BEB0-D3D680E57D40}"
EndProject
Project("{FAE04EC0-301F-11D3-BF4B-00C04F79EFBC}") = "3.2. Simple Conditions - Exam Problems - Firm", "3.2. Simple Conditions - Exam Problems - Firm\3.2. Simple Conditions - Exam Problems - Firm.csproj", "{50DE5C7C-A33B-418D-8264-94808431703A}"
EndProject
Global
	GlobalSection(SolutionConfigurationPlatforms) = preSolution
		Debug|Any CPU = Debug|Any CPU
		Release|Any CPU = Release|Any CPU
	EndGlobalSection
	GlobalSection(ProjectConfigurationPlatforms) = postSolution
		{555E6A5D-1C27-41F7-A7E1-B52A3901338E}.Debug|Any CPU.ActiveCfg = Debug|Any CPU
		{555E6A5D-1C27-41F7-A7E1-B52A3901338E}.Debug|Any CPU.Build.0 = Debug|Any CPU
		{555E6A5D-1C27-41F7-A7E1-B52A3901338E}.Release|Any CPU.ActiveCfg = Release|Any CPU
		{555E6A5D-1C27-41F7-A7E1-B52A3901338E}.Release|Any CPU.Build.0 = Release|Any CPU
		{256E7E20-3B1A-4739-BB1B-CD7050EA967A}.Debug|Any CPU.ActiveCfg = Debug|Any CPU
		{256E7E20-3B1A-4739-BB1B-CD7050EA967A}.Debug|Any CPU.Build.0 = Debug|Any CPU
		{256E7E20-3B1A-4739-BB1B-CD7050EA967A}.Release|Any CPU.ActiveCfg = Release|Any CPU
		{256E7E20-3B1A-4739-BB1B-CD7050EA967A}.Release|Any CPU.Build.0 = Release|Any CPU
		{CD6359AC-3648-4B36-8D21-DE454FD81D61}.Debug|Any CPU.ActiveCfg = Debug|Any CPU
		{CD6359AC-3648-4B36-8D21-DE454FD81D61}.Debug|Any CPU.Build.0 = Debug|Any CPU
		{CD6359AC-3648-4B36-8D21-DE454FD81D61}.Release|Any CPU.ActiveCfg = Release|Any CPU
		{CD6359AC-3648-4B36-8D21-DE454FD81D61}.Release|Any CPU.Build.0 = Release|Any CPU
		{8F05D187-5CB8-444D-A36B-BC4AD54EA888}.Debug|Any CPU.ActiveCfg = Debug|Any CPU
		{8F05D187-5CB8-444D-A36B-BC4AD54EA888}.Debug|Any CPU.Build.0 = Debug|Any CPU
		{8F05D187-5CB8-444D-A36B-BC4AD54EA888}.Release|Any CPU.ActiveCfg = Release|Any CPU
		{8F05D187-5CB8-444D-A36B-BC4AD54EA888}.Release|Any CPU.Build.0 = Release|Any CPU
		{2D4F5B02-6F15-4F49-980E-8F043A0490D4}.Debug|Any CPU.ActiveCfg = Debug|Any CPU
		{2D4F5B02-6F15-4F49-980E-8F043A0490D4}.Debug|Any CPU.Build.0 = Debug|Any CPU
		{2D4F5B02-6F15-4F49-980E-8F043A0490D4}.Release|Any CPU.ActiveCfg = Release|Any CPU
		{2D4F5B02-6F15-4F49-980E-8F043A0490D4}.Release|Any CPU.Build.0 = Release|Any CPU
		{D465B6F4-A1CD-4A25-8E5B-551692782787}.Debug|Any CPU.ActiveCfg = Debug|Any CPU
		{D465B6F4-A1CD-4A25-8E5B-551692782787}.Debug|Any CPU.Build.0 = Debug|Any CPU
		{D465B6F4-A1CD-4A25-8E5B-551692782787}.Release|Any CPU.ActiveCfg = Release|Any CPU
		{D465B6F4-A1CD-4A25-8E5B-551692782787}.Release|Any CPU.Build.0 = Release|Any CPU
		{049C27F0-BF41-481E-A64D-AEF26BBDC23E}.Debug|Any CPU.ActiveCfg = Debug|Any CPU
		{049C27F0-BF41-481E-A64D-AEF26BBDC23E}.Debug|Any CPU.Build.0 = Debug|Any CPU
		{049C27F0-BF41-481E-A64D-AEF26BBDC23E}.Release|Any CPU.ActiveCfg = Release|Any CPU
		{049C27F0-BF41-481E-A64D-AEF26BBDC23E}.Release|Any CPU.Build.0 = Release|Any CPU
		{018BC9BE-CEE4-446E-BA25-3057C844185D}.Debug|Any CPU.ActiveCfg = Debug|Any CPU
		{018BC9BE-CEE4-446E-BA25-3057C844185D}.Debug|Any CPU.Build.0 = Debug|Any CPU
		{018BC9BE-CEE4-446E-BA25-3057C844185D}.Release|Any CPU.ActiveCfg = Release|Any CPU
		{018BC9BE-CEE4-446E-BA25-3057C844185D}.Release|Any CPU.Build.0 = Release|Any CPU
		{0B59A9E1-7349-4CEF-A495-02979895043F}.Debug|Any CPU.ActiveCfg = Debug|Any CPU
		{0B59A9E1-7349-4CEF-A495-02979895043F}.Debug|Any CPU.Build.0 = Debug|Any CPU
		{0B59A9E1-7349-4CEF-A495-02979895043F}.Release|Any CPU.ActiveCfg = Release|Any CPU
		{0B59A9E1-7349-4CEF-A495-02979895043F}.Release|Any CPU.Build.0 = Release|Any CPU
		{91165A04-DB37-4C4A-9C10-0D047C121474}.Debug|Any CPU.ActiveCfg = Debug|Any CPU
		{91165A04-DB37-4C4A-9C10-0D047C121474}.Debug|Any CPU.Build.0 = Debug|Any CPU
		{91165A04-DB37-4C4A-9C10-0D047C121474}.Release|Any CPU.ActiveCfg = Release|Any CPU
		{91165A04-DB37-4C4A-9C10-0D047C121474}.Release|Any CPU.Build.0 = Release|Any CPU
		{7E10BFFA-7812-4B63-9F06-F1BDD8A4B31A}.Debug|Any CPU.ActiveCfg = Debug|Any CPU
		{7E10BFFA-7812-4B63-9F06-F1BDD8A4B31A}.Debug|Any CPU.Build.0 = Debug|Any CPU
		{7E10BFFA-7812-4B63-9F06-F1BDD8A4B31A}.Release|Any CPU.ActiveCfg = Release|Any CPU
		{7E10BFFA-7812-4B63-9F06-F1BDD8A4B31A}.Release|Any CPU.Build.0 = Release|Any CPU
		{C49EFD98-111B-43D6-AB72-651E83FB1C7A}.Debug|Any CPU.ActiveCfg = Debug|Any CPU
		{C49EFD98-111B-43D6-AB72-651E83FB1C7A}.Debug|Any CPU.Build.0 = Debug|Any CPU
		{C49EFD98-111B-43D6-AB72-651E83FB1C7A}.Release|Any CPU.ActiveCfg = Release|Any CPU
		{C49EFD98-111B-43D6-AB72-651E83FB1C7A}.Release|Any CPU.Build.0 = Release|Any CPU
		{3DE99543-69FD-40F5-9F3A-E9F6651C0463}.Debug|Any CPU.ActiveCfg = Debug|Any CPU
		{3DE99543-69FD-40F5-9F3A-E9F6651C0463}.Debug|Any CPU.Build.0 = Debug|Any CPU
		{3DE99543-69FD-40F5-9F3A-E9F6651C0463}.Release|Any CPU.ActiveCfg = Release|Any CPU
		{3DE99543-69FD-40F5-9F3A-E9F6651C0463}.Release|Any CPU.Build.0 = Release|Any CPU
		{FC04476B-394C-4CE8-B681-973AE6D5B9E9}.Debug|Any CPU.ActiveCfg = Debug|Any CPU
		{FC04476B-394C-4CE8-B681-973AE6D5B9E9}.Debug|Any CPU.Build.0 = Debug|Any CPU
		{FC04476B-394C-4CE8-B681-973AE6D5B9E9}.Release|Any CPU.ActiveCfg = Release|Any CPU
		{FC04476B-394C-4CE8-B681-973AE6D5B9E9}.Release|Any CPU.Build.0 = Release|Any CPU
		{6390AED9-83B8-4BF7-AA32-21C4A555A302}.Debug|Any CPU.ActiveCfg = Debug|Any CPU
		{6390AED9-83B8-4BF7-AA32-21C4A555A302}.Debug|Any CPU.Build.0 = Debug|Any CPU
		{6390AED9-83B8-4BF7-AA32-21C4A555A302}.Release|Any CPU.ActiveCfg = Release|Any CPU
		{6390AED9-83B8-4BF7-AA32-21C4A555A302}.Release|Any CPU.Build.0 = Release|Any CPU
		{3ADB5D95-4E80-403E-A56D-19B0DA68E564}.Debug|Any CPU.ActiveCfg = Debug|Any CPU
		{3ADB5D95-4E80-403E-A56D-19B0DA68E564}.Debug|Any CPU.Build.0 = Debug|Any CPU
		{3ADB5D95-4E80-403E-A56D-19B0DA68E564}.Release|Any CPU.ActiveCfg = Release|Any CPU
		{3ADB5D95-4E80-403E-A56D-19B0DA68E564}.Release|Any CPU.Build.0 = Release|Any CPU
		{10687F6B-572C-490D-968A-140DA54CCF21}.Debug|Any CPU.ActiveCfg = Debug|Any CPU
		{10687F6B-572C-490D-968A-140DA54CCF21}.Debug|Any CPU.Build.0 = Debug|Any CPU
		{10687F6B-572C-490D-968A-140DA54CCF21}.Release|Any CPU.ActiveCfg = Release|Any CPU
		{10687F6B-572C-490D-968A-140DA54CCF21}.Release|Any CPU.Build.0 = Release|Any CPU
		{B5C224D3-02DC-4C29-8501-50EC4B8519CB}.Debug|Any CPU.ActiveCfg = Debug|Any CPU
		{B5C224D3-02DC-4C29-8501-50EC4B8519CB}.Debug|Any CPU.Build.0 = Debug|Any CPU
		{B5C224D3-02DC-4C29-8501-50EC4B8519CB}.Release|Any CPU.ActiveCfg = Release|Any CPU
		{B5C224D3-02DC-4C29-8501-50EC4B8519CB}.Release|Any CPU.Build.0 = Release|Any CPU
		{A5EC6210-91C6-4BB3-81B2-7C0491E8392B}.Debug|Any CPU.ActiveCfg = Debug|Any CPU
		{A5EC6210-91C6-4BB3-81B2-7C0491E8392B}.Debug|Any CPU.Build.0 = Debug|Any CPU
		{A5EC6210-91C6-4BB3-81B2-7C0491E8392B}.Release|Any CPU.ActiveCfg = Release|Any CPU
		{A5EC6210-91C6-4BB3-81B2-7C0491E8392B}.Release|Any CPU.Build.0 = Release|Any CPU
		{3FC98A4E-A1E5-46CC-9F79-A1F8258C87BC}.Debug|Any CPU.ActiveCfg = Debug|Any CPU
		{3FC98A4E-A1E5-46CC-9F79-A1F8258C87BC}.Debug|Any CPU.Build.0 = Debug|Any CPU
		{3FC98A4E-A1E5-46CC-9F79-A1F8258C87BC}.Release|Any CPU.ActiveCfg = Release|Any CPU
		{3FC98A4E-A1E5-46CC-9F79-A1F8258C87BC}.Release|Any CPU.Build.0 = Release|Any CPU
		{F63A37F2-6A04-4D26-BBA4-1330604D110A}.Debug|Any CPU.ActiveCfg = Debug|Any CPU
		{F63A37F2-6A04-4D26-BBA4-1330604D110A}.Debug|Any CPU.Build.0 = Debug|Any CPU
		{F63A37F2-6A04-4D26-BBA4-1330604D110A}.Release|Any CPU.ActiveCfg = Release|Any CPU
		{F63A37F2-6A04-4D26-BBA4-1330604D110A}.Release|Any CPU.Build.0 = Release|Any CPU
		{E7FA7051-9E8B-4A97-9F78-AB3C99ED0FB7}.Debug|Any CPU.ActiveCfg = Debug|Any CPU
		{E7FA7051-9E8B-4A97-9F78-AB3C99ED0FB7}.Debug|Any CPU.Build.0 = Debug|Any CPU
		{E7FA7051-9E8B-4A97-9F78-AB3C99ED0FB7}.Release|Any CPU.ActiveCfg = Release|Any CPU
		{E7FA7051-9E8B-4A97-9F78-AB3C99ED0FB7}.Release|Any CPU.Build.0 = Release|Any CPU
		{C290CA5E-ED9B-4AE2-88A2-9D079DCECAE5}.Debug|Any CPU.ActiveCfg = Debug|Any CPU
		{C290CA5E-ED9B-4AE2-88A2-9D079DCECAE5}.Debug|Any CPU.Build.0 = Debug|Any CPU
		{C290CA5E-ED9B-4AE2-88A2-9D079DCECAE5}.Release|Any CPU.ActiveCfg = Release|Any CPU
		{C290CA5E-ED9B-4AE2-88A2-9D079DCECAE5}.Release|Any CPU.Build.0 = Release|Any CPU
		{321E2FC7-8917-429E-B4CD-6F55D184FBED}.Debug|Any CPU.ActiveCfg = Debug|Any CPU
		{321E2FC7-8917-429E-B4CD-6F55D184FBED}.Debug|Any CPU.Build.0 = Debug|Any CPU
		{321E2FC7-8917-429E-B4CD-6F55D184FBED}.Release|Any CPU.ActiveCfg = Release|Any CPU
		{321E2FC7-8917-429E-B4CD-6F55D184FBED}.Release|Any CPU.Build.0 = Release|Any CPU
		{8CB35A41-8643-47C1-B654-A6CAB28CC245}.Debug|Any CPU.ActiveCfg = Debug|Any CPU
		{8CB35A41-8643-47C1-B654-A6CAB28CC245}.Debug|Any CPU.Build.0 = Debug|Any CPU
		{8CB35A41-8643-47C1-B654-A6CAB28CC245}.Release|Any CPU.ActiveCfg = Release|Any CPU
		{8CB35A41-8643-47C1-B654-A6CAB28CC245}.Release|Any CPU.Build.0 = Release|Any CPU
		{9B8C2988-BB05-4A67-B978-24A164E9D172}.Debug|Any CPU.ActiveCfg = Debug|Any CPU
		{9B8C2988-BB05-4A67-B978-24A164E9D172}.Debug|Any CPU.Build.0 = Debug|Any CPU
		{9B8C2988-BB05-4A67-B978-24A164E9D172}.Release|Any CPU.ActiveCfg = Release|Any CPU
		{9B8C2988-BB05-4A67-B978-24A164E9D172}.Release|Any CPU.Build.0 = Release|Any CPU
		{B06668BF-B1F1-4D15-AB0F-5C3D46651C02}.Debug|Any CPU.ActiveCfg = Debug|Any CPU
		{B06668BF-B1F1-4D15-AB0F-5C3D46651C02}.Debug|Any CPU.Build.0 = Debug|Any CPU
		{B06668BF-B1F1-4D15-AB0F-5C3D46651C02}.Release|Any CPU.ActiveCfg = Release|Any CPU
		{B06668BF-B1F1-4D15-AB0F-5C3D46651C02}.Release|Any CPU.Build.0 = Release|Any CPU
		{B6655738-2346-4AA5-B115-0F42303E1766}.Debug|Any CPU.ActiveCfg = Debug|Any CPU
		{B6655738-2346-4AA5-B115-0F42303E1766}.Debug|Any CPU.Build.0 = Debug|Any CPU
		{B6655738-2346-4AA5-B115-0F42303E1766}.Release|Any CPU.ActiveCfg = Release|Any CPU
		{B6655738-2346-4AA5-B115-0F42303E1766}.Release|Any CPU.Build.0 = Release|Any CPU
		{BC4915F5-1394-4EE9-91F8-D502D751E724}.Debug|Any CPU.ActiveCfg = Debug|Any CPU
		{BC4915F5-1394-4EE9-91F8-D502D751E724}.Debug|Any CPU.Build.0 = Debug|Any CPU
		{BC4915F5-1394-4EE9-91F8-D502D751E724}.Release|Any CPU.ActiveCfg = Release|Any CPU
		{BC4915F5-1394-4EE9-91F8-D502D751E724}.Release|Any CPU.Build.0 = Release|Any CPU
		{44762B13-B169-4910-9736-BB96C387BC10}.Debug|Any CPU.ActiveCfg = Debug|Any CPU
		{44762B13-B169-4910-9736-BB96C387BC10}.Debug|Any CPU.Build.0 = Debug|Any CPU
		{44762B13-B169-4910-9736-BB96C387BC10}.Release|Any CPU.ActiveCfg = Release|Any CPU
		{44762B13-B169-4910-9736-BB96C387BC10}.Release|Any CPU.Build.0 = Release|Any CPU
		{ABE6D27B-84F7-4862-9CF8-58EEB5767A74}.Debug|Any CPU.ActiveCfg = Debug|Any CPU
		{ABE6D27B-84F7-4862-9CF8-58EEB5767A74}.Debug|Any CPU.Build.0 = Debug|Any CPU
		{ABE6D27B-84F7-4862-9CF8-58EEB5767A74}.Release|Any CPU.ActiveCfg = Release|Any CPU
		{ABE6D27B-84F7-4862-9CF8-58EEB5767A74}.Release|Any CPU.Build.0 = Release|Any CPU
		{6AA91393-58A6-463D-AE73-E746E25BEF75}.Debug|Any CPU.ActiveCfg = Debug|Any CPU
		{6AA91393-58A6-463D-AE73-E746E25BEF75}.Debug|Any CPU.Build.0 = Debug|Any CPU
		{6AA91393-58A6-463D-AE73-E746E25BEF75}.Release|Any CPU.ActiveCfg = Release|Any CPU
		{6AA91393-58A6-463D-AE73-E746E25BEF75}.Release|Any CPU.Build.0 = Release|Any CPU
		{54E106D1-FE39-46CF-97A6-070541080D6E}.Debug|Any CPU.ActiveCfg = Debug|Any CPU
		{54E106D1-FE39-46CF-97A6-070541080D6E}.Debug|Any CPU.Build.0 = Debug|Any CPU
		{54E106D1-FE39-46CF-97A6-070541080D6E}.Release|Any CPU.ActiveCfg = Release|Any CPU
		{54E106D1-FE39-46CF-97A6-070541080D6E}.Release|Any CPU.Build.0 = Release|Any CPU
		{0F3FBC0B-7FA2-46EB-B8BF-9341F73C61BF}.Debug|Any CPU.ActiveCfg = Debug|Any CPU
		{0F3FBC0B-7FA2-46EB-B8BF-9341F73C61BF}.Debug|Any CPU.Build.0 = Debug|Any CPU
		{0F3FBC0B-7FA2-46EB-B8BF-9341F73C61BF}.Release|Any CPU.ActiveCfg = Release|Any CPU
		{0F3FBC0B-7FA2-46EB-B8BF-9341F73C61BF}.Release|Any CPU.Build.0 = Release|Any CPU
		{947221B7-D613-4D15-ACAA-F1D491D61FE2}.Debug|Any CPU.ActiveCfg = Debug|Any CPU
		{947221B7-D613-4D15-ACAA-F1D491D61FE2}.Debug|Any CPU.Build.0 = Debug|Any CPU
		{947221B7-D613-4D15-ACAA-F1D491D61FE2}.Release|Any CPU.ActiveCfg = Release|Any CPU
		{947221B7-D613-4D15-ACAA-F1D491D61FE2}.Release|Any CPU.Build.0 = Release|Any CPU
		{AEDACF01-7260-48AC-833D-B08BB7D28852}.Debug|Any CPU.ActiveCfg = Debug|Any CPU
		{AEDACF01-7260-48AC-833D-B08BB7D28852}.Debug|Any CPU.Build.0 = Debug|Any CPU
		{AEDACF01-7260-48AC-833D-B08BB7D28852}.Release|Any CPU.ActiveCfg = Release|Any CPU
		{AEDACF01-7260-48AC-833D-B08BB7D28852}.Release|Any CPU.Build.0 = Release|Any CPU
		{54ACA4F4-D405-4135-AD1A-68EDDAF39811}.Debug|Any CPU.ActiveCfg = Debug|Any CPU
		{54ACA4F4-D405-4135-AD1A-68EDDAF39811}.Debug|Any CPU.Build.0 = Debug|Any CPU
		{54ACA4F4-D405-4135-AD1A-68EDDAF39811}.Release|Any CPU.ActiveCfg = Release|Any CPU
		{54ACA4F4-D405-4135-AD1A-68EDDAF39811}.Release|Any CPU.Build.0 = Release|Any CPU
		{81DA5A19-DF88-4DBC-80CA-85103300870F}.Debug|Any CPU.ActiveCfg = Debug|Any CPU
		{81DA5A19-DF88-4DBC-80CA-85103300870F}.Debug|Any CPU.Build.0 = Debug|Any CPU
		{81DA5A19-DF88-4DBC-80CA-85103300870F}.Release|Any CPU.ActiveCfg = Release|Any CPU
		{81DA5A19-DF88-4DBC-80CA-85103300870F}.Release|Any CPU.Build.0 = Release|Any CPU
		{98197671-F6B1-439C-B070-6ACCE0669931}.Debug|Any CPU.ActiveCfg = Debug|Any CPU
		{98197671-F6B1-439C-B070-6ACCE0669931}.Debug|Any CPU.Build.0 = Debug|Any CPU
		{98197671-F6B1-439C-B070-6ACCE0669931}.Release|Any CPU.ActiveCfg = Release|Any CPU
		{98197671-F6B1-439C-B070-6ACCE0669931}.Release|Any CPU.Build.0 = Release|Any CPU
		{97CF6871-2FE6-4DED-BE7F-22F3B7B4F0E7}.Debug|Any CPU.ActiveCfg = Debug|Any CPU
		{97CF6871-2FE6-4DED-BE7F-22F3B7B4F0E7}.Debug|Any CPU.Build.0 = Debug|Any CPU
		{97CF6871-2FE6-4DED-BE7F-22F3B7B4F0E7}.Release|Any CPU.ActiveCfg = Release|Any CPU
		{97CF6871-2FE6-4DED-BE7F-22F3B7B4F0E7}.Release|Any CPU.Build.0 = Release|Any CPU
		{DA253825-A7D5-4422-9245-E44CC69FEDA6}.Debug|Any CPU.ActiveCfg = Debug|Any CPU
		{DA253825-A7D5-4422-9245-E44CC69FEDA6}.Debug|Any CPU.Build.0 = Debug|Any CPU
		{DA253825-A7D5-4422-9245-E44CC69FEDA6}.Release|Any CPU.ActiveCfg = Release|Any CPU
		{DA253825-A7D5-4422-9245-E44CC69FEDA6}.Release|Any CPU.Build.0 = Release|Any CPU
		{4144731E-9A4D-4616-80AA-9F2FC879D1DE}.Debug|Any CPU.ActiveCfg = Debug|Any CPU
		{4144731E-9A4D-4616-80AA-9F2FC879D1DE}.Debug|Any CPU.Build.0 = Debug|Any CPU
		{4144731E-9A4D-4616-80AA-9F2FC879D1DE}.Release|Any CPU.ActiveCfg = Release|Any CPU
		{4144731E-9A4D-4616-80AA-9F2FC879D1DE}.Release|Any CPU.Build.0 = Release|Any CPU
		{1ED593F1-67BD-4B6B-B3CC-BBCFAE02C499}.Debug|Any CPU.ActiveCfg = Debug|Any CPU
		{1ED593F1-67BD-4B6B-B3CC-BBCFAE02C499}.Debug|Any CPU.Build.0 = Debug|Any CPU
		{1ED593F1-67BD-4B6B-B3CC-BBCFAE02C499}.Release|Any CPU.ActiveCfg = Release|Any CPU
		{1ED593F1-67BD-4B6B-B3CC-BBCFAE02C499}.Release|Any CPU.Build.0 = Release|Any CPU
		{F12A3864-B352-4783-8547-21C8C37B07CB}.Debug|Any CPU.ActiveCfg = Debug|Any CPU
		{F12A3864-B352-4783-8547-21C8C37B07CB}.Debug|Any CPU.Build.0 = Debug|Any CPU
		{F12A3864-B352-4783-8547-21C8C37B07CB}.Release|Any CPU.ActiveCfg = Release|Any CPU
		{F12A3864-B352-4783-8547-21C8C37B07CB}.Release|Any CPU.Build.0 = Release|Any CPU
		{A2F63332-D6B2-4387-A31C-FF14B2EDB2E9}.Debug|Any CPU.ActiveCfg = Debug|Any CPU
		{A2F63332-D6B2-4387-A31C-FF14B2EDB2E9}.Debug|Any CPU.Build.0 = Debug|Any CPU
		{A2F63332-D6B2-4387-A31C-FF14B2EDB2E9}.Release|Any CPU.ActiveCfg = Release|Any CPU
		{A2F63332-D6B2-4387-A31C-FF14B2EDB2E9}.Release|Any CPU.Build.0 = Release|Any CPU
		{05B22DBF-E518-4DF5-BEB0-D3D680E57D40}.Debug|Any CPU.ActiveCfg = Debug|Any CPU
		{05B22DBF-E518-4DF5-BEB0-D3D680E57D40}.Debug|Any CPU.Build.0 = Debug|Any CPU
		{05B22DBF-E518-4DF5-BEB0-D3D680E57D40}.Release|Any CPU.ActiveCfg = Release|Any CPU
		{05B22DBF-E518-4DF5-BEB0-D3D680E57D40}.Release|Any CPU.Build.0 = Release|Any CPU
		{50DE5C7C-A33B-418D-8264-94808431703A}.Debug|Any CPU.ActiveCfg = Debug|Any CPU
		{50DE5C7C-A33B-418D-8264-94808431703A}.Debug|Any CPU.Build.0 = Debug|Any CPU
		{50DE5C7C-A33B-418D-8264-94808431703A}.Release|Any CPU.ActiveCfg = Release|Any CPU
		{50DE5C7C-A33B-418D-8264-94808431703A}.Release|Any CPU.Build.0 = Release|Any CPU
	EndGlobalSection
	GlobalSection(SolutionProperties) = preSolution
		HideSolutionNode = FALSE
	EndGlobalSection
	GlobalSection(ExtensibilityGlobals) = postSolution
		SolutionGuid = {36DC3BDA-E7DA-4170-AA10-F902B182AD0A}
	EndGlobalSection
EndGlobal
