
Microsoft Visual Studio Solution File, Format Version 12.00
# Visual Studio Version 17
VisualStudioVersion = 17.2.32526.322
MinimumVisualStudioVersion = 10.0.40219.1
Project("{9A19103F-16F7-4668-BE54-9A1E7A4F7556}") = "01. Integer Operations", "01. Integer Operations\01. Integer Operations.csproj", "{4E3AB1FC-A17A-4355-A329-B9259036B602}"
EndProject
Project("{FAE04EC0-301F-11D3-BF4B-00C04F79EFBC}") = "02. Sum Digits", "02. Sum Digits\02. Sum Digits.csproj", "{DC1DF56B-C292-492A-A5DD-3FC4088A5403}"
EndProject
Global
	GlobalSection(SolutionConfigurationPlatforms) = preSolution
		Debug|Any CPU = Debug|Any CPU
		Release|Any CPU = Release|Any CPU
	EndGlobalSection
	GlobalSection(ProjectConfigurationPlatforms) = postSolution
		{4E3AB1FC-A17A-4355-A329-B9259036B602}.Debug|Any CPU.ActiveCfg = Debug|Any CPU
		{4E3AB1FC-A17A-4355-A329-B9259036B602}.Debug|Any CPU.Build.0 = Debug|Any CPU
		{4E3AB1FC-A17A-4355-A329-B9259036B602}.Release|Any CPU.ActiveCfg = Release|Any CPU
		{4E3AB1FC-A17A-4355-A329-B9259036B602}.Release|Any CPU.Build.0 = Release|Any CPU
		{DC1DF56B-C292-492A-A5DD-3FC4088A5403}.Debug|Any CPU.ActiveCfg = Debug|Any CPU
		{DC1DF56B-C292-492A-A5DD-3FC4088A5403}.Debug|Any CPU.Build.0 = Debug|Any CPU
		{DC1DF56B-C292-492A-A5DD-3FC4088A5403}.Release|Any CPU.ActiveCfg = Release|Any CPU
		{DC1DF56B-C292-492A-A5DD-3FC4088A5403}.Release|Any CPU.Build.0 = Release|Any CPU
	EndGlobalSection
	GlobalSection(SolutionProperties) = preSolution
		HideSolutionNode = FALSE
	EndGlobalSection
	GlobalSection(ExtensibilityGlobals) = postSolution
		SolutionGuid = {A8809D18-9EE5-4B8B-864A-159C9A3C0475}
	EndGlobalSection
EndGlobal
