
Microsoft Visual Studio Solution File, Format Version 12.00
# Visual Studio Version 17
VisualStudioVersion = 17.2.32526.322
MinimumVisualStudioVersion = 10.0.40219.1
Project("{9A19103F-16F7-4668-BE54-9A1E7A4F7556}") = "01. Integer Operations", "01. Integer Operations\01. Integer Operations.csproj", "{4E3AB1FC-A17A-4355-A329-B9259036B602}"
EndProject
Project("{FAE04EC0-301F-11D3-BF4B-00C04F79EFBC}") = "02. Sum Digits", "02. Sum Digits\02. Sum Digits.csproj", "{DC1DF56B-C292-492A-A5DD-3FC4088A5403}"
EndProject
Project("{FAE04EC0-301F-11D3-BF4B-00C04F79EFBC}") = "03. Elevator", "03. Elevator\03. Elevator.csproj", "{583D942F-E492-4E5C-AFF7-720ED3759437}"
EndProject
Project("{FAE04EC0-301F-11D3-BF4B-00C04F79EFBC}") = "04. Sum of Chars", "04. Sum of Chars\04. Sum of Chars.csproj", "{22DCB8FF-6645-4344-BDE7-43C420292FB4}"
EndProject
Project("{FAE04EC0-301F-11D3-BF4B-00C04F79EFBC}") = "05. Print Part Of ASCII Table", "05. Print Part Of ASCII Table\05. Print Part Of ASCII Table.csproj", "{1C563A0E-41AC-4870-B7CE-32A89CCCBE2A}"
EndProject
Project("{FAE04EC0-301F-11D3-BF4B-00C04F79EFBC}") = "06. Triples of Latin Letters", "06. Triples of Latin Letters\06. Triples of Latin Letters.csproj", "{CB85C703-BB05-4BA7-8A96-FF71CCE1B7AF}"
EndProject
Project("{FAE04EC0-301F-11D3-BF4B-00C04F79EFBC}") = "07. Water Overflow", "07. Water Overflow\07. Water Overflow.csproj", "{17E891FF-74BB-40FE-82A1-9B17088830A8}"
EndProject
Project("{FAE04EC0-301F-11D3-BF4B-00C04F79EFBC}") = "08. Beer Kegs", "08. Beer Kegs\08. Beer Kegs.csproj", "{EC517A2C-0503-41EF-8CB5-227B248A340E}"
EndProject
Global
	GlobalSection(SolutionConfigurationPlatforms) = preSolution
		Debug|Any CPU = Debug|Any CPU
		Release|Any CPU = Release|Any CPU
	EndGlobalSection
	GlobalSection(ProjectConfigurationPlatforms) = postSolution
		{4E3AB1FC-A17A-4355-A329-B9259036B602}.Debug|Any CPU.ActiveCfg = Debug|Any CPU
		{4E3AB1FC-A17A-4355-A329-B9259036B602}.Debug|Any CPU.Build.0 = Debug|Any CPU
		{4E3AB1FC-A17A-4355-A329-B9259036B602}.Release|Any CPU.ActiveCfg = Release|Any CPU
		{4E3AB1FC-A17A-4355-A329-B9259036B602}.Release|Any CPU.Build.0 = Release|Any CPU
		{DC1DF56B-C292-492A-A5DD-3FC4088A5403}.Debug|Any CPU.ActiveCfg = Debug|Any CPU
		{DC1DF56B-C292-492A-A5DD-3FC4088A5403}.Debug|Any CPU.Build.0 = Debug|Any CPU
		{DC1DF56B-C292-492A-A5DD-3FC4088A5403}.Release|Any CPU.ActiveCfg = Release|Any CPU
		{DC1DF56B-C292-492A-A5DD-3FC4088A5403}.Release|Any CPU.Build.0 = Release|Any CPU
		{583D942F-E492-4E5C-AFF7-720ED3759437}.Debug|Any CPU.ActiveCfg = Debug|Any CPU
		{583D942F-E492-4E5C-AFF7-720ED3759437}.Debug|Any CPU.Build.0 = Debug|Any CPU
		{583D942F-E492-4E5C-AFF7-720ED3759437}.Release|Any CPU.ActiveCfg = Release|Any CPU
		{583D942F-E492-4E5C-AFF7-720ED3759437}.Release|Any CPU.Build.0 = Release|Any CPU
		{22DCB8FF-6645-4344-BDE7-43C420292FB4}.Debug|Any CPU.ActiveCfg = Debug|Any CPU
		{22DCB8FF-6645-4344-BDE7-43C420292FB4}.Debug|Any CPU.Build.0 = Debug|Any CPU
		{22DCB8FF-6645-4344-BDE7-43C420292FB4}.Release|Any CPU.ActiveCfg = Release|Any CPU
		{22DCB8FF-6645-4344-BDE7-43C420292FB4}.Release|Any CPU.Build.0 = Release|Any CPU
		{1C563A0E-41AC-4870-B7CE-32A89CCCBE2A}.Debug|Any CPU.ActiveCfg = Debug|Any CPU
		{1C563A0E-41AC-4870-B7CE-32A89CCCBE2A}.Debug|Any CPU.Build.0 = Debug|Any CPU
		{1C563A0E-41AC-4870-B7CE-32A89CCCBE2A}.Release|Any CPU.ActiveCfg = Release|Any CPU
		{1C563A0E-41AC-4870-B7CE-32A89CCCBE2A}.Release|Any CPU.Build.0 = Release|Any CPU
		{CB85C703-BB05-4BA7-8A96-FF71CCE1B7AF}.Debug|Any CPU.ActiveCfg = Debug|Any CPU
		{CB85C703-BB05-4BA7-8A96-FF71CCE1B7AF}.Debug|Any CPU.Build.0 = Debug|Any CPU
		{CB85C703-BB05-4BA7-8A96-FF71CCE1B7AF}.Release|Any CPU.ActiveCfg = Release|Any CPU
		{CB85C703-BB05-4BA7-8A96-FF71CCE1B7AF}.Release|Any CPU.Build.0 = Release|Any CPU
		{17E891FF-74BB-40FE-82A1-9B17088830A8}.Debug|Any CPU.ActiveCfg = Debug|Any CPU
		{17E891FF-74BB-40FE-82A1-9B17088830A8}.Debug|Any CPU.Build.0 = Debug|Any CPU
		{17E891FF-74BB-40FE-82A1-9B17088830A8}.Release|Any CPU.ActiveCfg = Release|Any CPU
		{17E891FF-74BB-40FE-82A1-9B17088830A8}.Release|Any CPU.Build.0 = Release|Any CPU
		{EC517A2C-0503-41EF-8CB5-227B248A340E}.Debug|Any CPU.ActiveCfg = Debug|Any CPU
		{EC517A2C-0503-41EF-8CB5-227B248A340E}.Debug|Any CPU.Build.0 = Debug|Any CPU
		{EC517A2C-0503-41EF-8CB5-227B248A340E}.Release|Any CPU.ActiveCfg = Release|Any CPU
		{EC517A2C-0503-41EF-8CB5-227B248A340E}.Release|Any CPU.Build.0 = Release|Any CPU
	EndGlobalSection
	GlobalSection(SolutionProperties) = preSolution
		HideSolutionNode = FALSE
	EndGlobalSection
	GlobalSection(ExtensibilityGlobals) = postSolution
		SolutionGuid = {A8809D18-9EE5-4B8B-864A-159C9A3C0475}
	EndGlobalSection
EndGlobal
