
Microsoft Visual Studio Solution File, Format Version 12.00
# Visual Studio Version 17
VisualStudioVersion = 17.2.32630.192
MinimumVisualStudioVersion = 10.0.40219.1
Project("{FAE04EC0-301F-11D3-BF4B-00C04F79EFBC}") = "01. String Manipulator", "01. String Manipulator\01. String Manipulator.csproj", "{114F1826-F472-4D64-A2C7-976B2B53F9C0}"
EndProject
Project("{FAE04EC0-301F-11D3-BF4B-00C04F79EFBC}") = "02. Encrypting Password", "02. Encrypting Password\02. Encrypting Password.csproj", "{D005F501-362B-4D56-9CA9-A5F0B9C7F292}"
EndProject
Project("{FAE04EC0-301F-11D3-BF4B-00C04F79EFBC}") = "03. Messages Manager", "03. Messages Manager\03. Messages Manager.csproj", "{FFA07F18-3BA4-445D-8E80-87B0E3FA73C7}"
EndProject
Global
	GlobalSection(SolutionConfigurationPlatforms) = preSolution
		Debug|Any CPU = Debug|Any CPU
		Release|Any CPU = Release|Any CPU
	EndGlobalSection
	GlobalSection(ProjectConfigurationPlatforms) = postSolution
		{114F1826-F472-4D64-A2C7-976B2B53F9C0}.Debug|Any CPU.ActiveCfg = Debug|Any CPU
		{114F1826-F472-4D64-A2C7-976B2B53F9C0}.Debug|Any CPU.Build.0 = Debug|Any CPU
		{114F1826-F472-4D64-A2C7-976B2B53F9C0}.Release|Any CPU.ActiveCfg = Release|Any CPU
		{114F1826-F472-4D64-A2C7-976B2B53F9C0}.Release|Any CPU.Build.0 = Release|Any CPU
		{D005F501-362B-4D56-9CA9-A5F0B9C7F292}.Debug|Any CPU.ActiveCfg = Debug|Any CPU
		{D005F501-362B-4D56-9CA9-A5F0B9C7F292}.Debug|Any CPU.Build.0 = Debug|Any CPU
		{D005F501-362B-4D56-9CA9-A5F0B9C7F292}.Release|Any CPU.ActiveCfg = Release|Any CPU
		{D005F501-362B-4D56-9CA9-A5F0B9C7F292}.Release|Any CPU.Build.0 = Release|Any CPU
		{FFA07F18-3BA4-445D-8E80-87B0E3FA73C7}.Debug|Any CPU.ActiveCfg = Debug|Any CPU
		{FFA07F18-3BA4-445D-8E80-87B0E3FA73C7}.Debug|Any CPU.Build.0 = Debug|Any CPU
		{FFA07F18-3BA4-445D-8E80-87B0E3FA73C7}.Release|Any CPU.ActiveCfg = Release|Any CPU
		{FFA07F18-3BA4-445D-8E80-87B0E3FA73C7}.Release|Any CPU.Build.0 = Release|Any CPU
	EndGlobalSection
	GlobalSection(SolutionProperties) = preSolution
		HideSolutionNode = FALSE
	EndGlobalSection
	GlobalSection(ExtensibilityGlobals) = postSolution
		SolutionGuid = {E5DC4D43-FCC3-4EA9-9D09-A3B55AECDD85}
	EndGlobalSection
EndGlobal
