
Microsoft Visual Studio Solution File, Format Version 12.00
# Visual Studio Version 17
VisualStudioVersion = 17.5.33414.496
MinimumVisualStudioVersion = 10.0.40219.1
Project("{FAE04EC0-301F-11D3-BF4B-00C04F79EFBC}") = "EF - Intro", "EF - Intro\EF - Intro.csproj", "{7A865B0C-61F4-4027-A307-A55B27DBA2F5}"
EndProject
Global
	GlobalSection(SolutionConfigurationPlatforms) = preSolution
		Debug|Any CPU = Debug|Any CPU
		Release|Any CPU = Release|Any CPU
	EndGlobalSection
	GlobalSection(ProjectConfigurationPlatforms) = postSolution
		{7A865B0C-61F4-4027-A307-A55B27DBA2F5}.Debug|Any CPU.ActiveCfg = Debug|Any CPU
		{7A865B0C-61F4-4027-A307-A55B27DBA2F5}.Debug|Any CPU.Build.0 = Debug|Any CPU
		{7A865B0C-61F4-4027-A307-A55B27DBA2F5}.Release|Any CPU.ActiveCfg = Release|Any CPU
		{7A865B0C-61F4-4027-A307-A55B27DBA2F5}.Release|Any CPU.Build.0 = Release|Any CPU
	EndGlobalSection
	GlobalSection(SolutionProperties) = preSolution
		HideSolutionNode = FALSE
	EndGlobalSection
	GlobalSection(ExtensibilityGlobals) = postSolution
		SolutionGuid = {B57BAF6E-F89E-4A50-9D54-180BBA58E024}
	EndGlobalSection
EndGlobal
