
Microsoft Visual Studio Solution File, Format Version 12.00
# Visual Studio Version 17
VisualStudioVersion = 17.4.33110.190
MinimumVisualStudioVersion = 10.0.40219.1
Project("{FAE04EC0-301F-11D3-BF4B-00C04F79EFBC}") = "Shapes", "Shapes\Shapes.csproj", "{5D836256-4771-4578-838F-0BBFE7A6C6BD}"
EndProject
Project("{FAE04EC0-301F-11D3-BF4B-00C04F79EFBC}") = "Cars", "Cars\Cars.csproj", "{2EDCBCE5-1A11-4653-8306-D6A1AFA4FF1C}"
EndProject
Global
	GlobalSection(SolutionConfigurationPlatforms) = preSolution
		Debug|Any CPU = Debug|Any CPU
		Release|Any CPU = Release|Any CPU
	EndGlobalSection
	GlobalSection(ProjectConfigurationPlatforms) = postSolution
		{5D836256-4771-4578-838F-0BBFE7A6C6BD}.Debug|Any CPU.ActiveCfg = Debug|Any CPU
		{5D836256-4771-4578-838F-0BBFE7A6C6BD}.Debug|Any CPU.Build.0 = Debug|Any CPU
		{5D836256-4771-4578-838F-0BBFE7A6C6BD}.Release|Any CPU.ActiveCfg = Release|Any CPU
		{5D836256-4771-4578-838F-0BBFE7A6C6BD}.Release|Any CPU.Build.0 = Release|Any CPU
		{2EDCBCE5-1A11-4653-8306-D6A1AFA4FF1C}.Debug|Any CPU.ActiveCfg = Debug|Any CPU
		{2EDCBCE5-1A11-4653-8306-D6A1AFA4FF1C}.Debug|Any CPU.Build.0 = Debug|Any CPU
		{2EDCBCE5-1A11-4653-8306-D6A1AFA4FF1C}.Release|Any CPU.ActiveCfg = Release|Any CPU
		{2EDCBCE5-1A11-4653-8306-D6A1AFA4FF1C}.Release|Any CPU.Build.0 = Release|Any CPU
	EndGlobalSection
	GlobalSection(SolutionProperties) = preSolution
		HideSolutionNode = FALSE
	EndGlobalSection
	GlobalSection(ExtensibilityGlobals) = postSolution
		SolutionGuid = {08832DD4-3194-47BF-8A67-762B78C65FE0}
	EndGlobalSection
EndGlobal
