
Microsoft Visual Studio Solution File, Format Version 12.00
# Visual Studio Version 17
VisualStudioVersion = 17.5.33502.453
MinimumVisualStudioVersion = 10.0.40219.1
Project("{FAE04EC0-301F-11D3-BF4B-00C04F79EFBC}") = "BoxOfT", "BoxOfT\BoxOfT.csproj", "{E840E069-C6EB-438D-8070-16F89FEC6328}"
EndProject
Project("{FAE04EC0-301F-11D3-BF4B-00C04F79EFBC}") = "GenericArrayCreator", "GenericArrayCreator\GenericArrayCreator.csproj", "{A014E3B4-EEFA-4CBE-ADA8-4869E76059E1}"
EndProject
Project("{FAE04EC0-301F-11D3-BF4B-00C04F79EFBC}") = "GenericScale", "GenericScale\GenericScale.csproj", "{8160472A-59FF-4F3D-8178-BBB04A6B12BE}"
EndProject
Global
	GlobalSection(SolutionConfigurationPlatforms) = preSolution
		Debug|Any CPU = Debug|Any CPU
		Release|Any CPU = Release|Any CPU
	EndGlobalSection
	GlobalSection(ProjectConfigurationPlatforms) = postSolution
		{E840E069-C6EB-438D-8070-16F89FEC6328}.Debug|Any CPU.ActiveCfg = Debug|Any CPU
		{E840E069-C6EB-438D-8070-16F89FEC6328}.Debug|Any CPU.Build.0 = Debug|Any CPU
		{E840E069-C6EB-438D-8070-16F89FEC6328}.Release|Any CPU.ActiveCfg = Release|Any CPU
		{E840E069-C6EB-438D-8070-16F89FEC6328}.Release|Any CPU.Build.0 = Release|Any CPU
		{A014E3B4-EEFA-4CBE-ADA8-4869E76059E1}.Debug|Any CPU.ActiveCfg = Debug|Any CPU
		{A014E3B4-EEFA-4CBE-ADA8-4869E76059E1}.Debug|Any CPU.Build.0 = Debug|Any CPU
		{A014E3B4-EEFA-4CBE-ADA8-4869E76059E1}.Release|Any CPU.ActiveCfg = Release|Any CPU
		{A014E3B4-EEFA-4CBE-ADA8-4869E76059E1}.Release|Any CPU.Build.0 = Release|Any CPU
		{8160472A-59FF-4F3D-8178-BBB04A6B12BE}.Debug|Any CPU.ActiveCfg = Debug|Any CPU
		{8160472A-59FF-4F3D-8178-BBB04A6B12BE}.Debug|Any CPU.Build.0 = Debug|Any CPU
		{8160472A-59FF-4F3D-8178-BBB04A6B12BE}.Release|Any CPU.ActiveCfg = Release|Any CPU
		{8160472A-59FF-4F3D-8178-BBB04A6B12BE}.Release|Any CPU.Build.0 = Release|Any CPU
	EndGlobalSection
	GlobalSection(SolutionProperties) = preSolution
		HideSolutionNode = FALSE
	EndGlobalSection
	GlobalSection(ExtensibilityGlobals) = postSolution
		SolutionGuid = {4161A067-73A9-42B9-8732-9C873CB50BD9}
	EndGlobalSection
EndGlobal
