
Microsoft Visual Studio Solution File, Format Version 12.00
# Visual Studio Version 17
VisualStudioVersion = 17.4.33122.133
MinimumVisualStudioVersion = 10.0.40219.1
Project("{FAE04EC0-301F-11D3-BF4B-00C04F79EFBC}") = "01. Square Root", "01. Square Root\01. Square Root.csproj", "{52CF46E9-3052-43C3-B6BF-CAB0AFBA4419}"
EndProject
Global
	GlobalSection(SolutionConfigurationPlatforms) = preSolution
		Debug|Any CPU = Debug|Any CPU
		Release|Any CPU = Release|Any CPU
	EndGlobalSection
	GlobalSection(ProjectConfigurationPlatforms) = postSolution
		{52CF46E9-3052-43C3-B6BF-CAB0AFBA4419}.Debug|Any CPU.ActiveCfg = Debug|Any CPU
		{52CF46E9-3052-43C3-B6BF-CAB0AFBA4419}.Debug|Any CPU.Build.0 = Debug|Any CPU
		{52CF46E9-3052-43C3-B6BF-CAB0AFBA4419}.Release|Any CPU.ActiveCfg = Release|Any CPU
		{52CF46E9-3052-43C3-B6BF-CAB0AFBA4419}.Release|Any CPU.Build.0 = Release|Any CPU
	EndGlobalSection
	GlobalSection(SolutionProperties) = preSolution
		HideSolutionNode = FALSE
	EndGlobalSection
	GlobalSection(ExtensibilityGlobals) = postSolution
		SolutionGuid = {B5876DC1-3505-4270-A05E-8C7E471A9007}
	EndGlobalSection
EndGlobal
