
Microsoft Visual Studio Solution File, Format Version 12.00
# Visual Studio Version 16
VisualStudioVersion = 16.0.32002.261
MinimumVisualStudioVersion = 10.0.40219.1
Project("{FAE04EC0-301F-11D3-BF4B-00C04F79EFBC}") = "Basketball Equipment", "Basketball Equipment\Basketball Equipment.csproj", "{4A77485E-8F74-40D3-952F-8F5377C04513}"
EndProject
Global
	GlobalSection(SolutionConfigurationPlatforms) = preSolution
		Debug|Any CPU = Debug|Any CPU
		Release|Any CPU = Release|Any CPU
	EndGlobalSection
	GlobalSection(ProjectConfigurationPlatforms) = postSolution
		{4A77485E-8F74-40D3-952F-8F5377C04513}.Debug|Any CPU.ActiveCfg = Debug|Any CPU
		{4A77485E-8F74-40D3-952F-8F5377C04513}.Debug|Any CPU.Build.0 = Debug|Any CPU
		{4A77485E-8F74-40D3-952F-8F5377C04513}.Release|Any CPU.ActiveCfg = Release|Any CPU
		{4A77485E-8F74-40D3-952F-8F5377C04513}.Release|Any CPU.Build.0 = Release|Any CPU
	EndGlobalSection
	GlobalSection(SolutionProperties) = preSolution
		HideSolutionNode = FALSE
	EndGlobalSection
	GlobalSection(ExtensibilityGlobals) = postSolution
		SolutionGuid = {DA26F714-4C14-43E7-86AD-BA1F773CBD0F}
	EndGlobalSection
EndGlobal
