
Microsoft Visual Studio Solution File, Format Version 12.00
# Visual Studio Version 16
VisualStudioVersion = 16.0.32002.261
MinimumVisualStudioVersion = 10.0.40219.1
Project("{FAE04EC0-301F-11D3-BF4B-00C04F79EFBC}") = "Inches to Cantimeters", "Inches to Cantimeters\Inches to Cantimeters.csproj", "{1942F201-E2A1-4B47-814A-2C9CA6807F40}"
EndProject
Global
	GlobalSection(SolutionConfigurationPlatforms) = preSolution
		Debug|Any CPU = Debug|Any CPU
		Release|Any CPU = Release|Any CPU
	EndGlobalSection
	GlobalSection(ProjectConfigurationPlatforms) = postSolution
		{1942F201-E2A1-4B47-814A-2C9CA6807F40}.Debug|Any CPU.ActiveCfg = Debug|Any CPU
		{1942F201-E2A1-4B47-814A-2C9CA6807F40}.Debug|Any CPU.Build.0 = Debug|Any CPU
		{1942F201-E2A1-4B47-814A-2C9CA6807F40}.Release|Any CPU.ActiveCfg = Release|Any CPU
		{1942F201-E2A1-4B47-814A-2C9CA6807F40}.Release|Any CPU.Build.0 = Release|Any CPU
	EndGlobalSection
	GlobalSection(SolutionProperties) = preSolution
		HideSolutionNode = FALSE
	EndGlobalSection
	GlobalSection(ExtensibilityGlobals) = postSolution
		SolutionGuid = {441A2E05-3983-4016-945A-5CA6594AE605}
	EndGlobalSection
EndGlobal
