
Microsoft Visual Studio Solution File, Format Version 12.00
# Visual Studio Version 16
VisualStudioVersion = 16.0.32002.261
MinimumVisualStudioVersion = 10.0.40219.1
Project("{FAE04EC0-301F-11D3-BF4B-00C04F79EFBC}") = "Repainting", "Repainting\Repainting.csproj", "{8CEE1712-55C6-432B-8152-DD7BF0E3BCFC}"
EndProject
Global
	GlobalSection(SolutionConfigurationPlatforms) = preSolution
		Debug|Any CPU = Debug|Any CPU
		Release|Any CPU = Release|Any CPU
	EndGlobalSection
	GlobalSection(ProjectConfigurationPlatforms) = postSolution
		{8CEE1712-55C6-432B-8152-DD7BF0E3BCFC}.Debug|Any CPU.ActiveCfg = Debug|Any CPU
		{8CEE1712-55C6-432B-8152-DD7BF0E3BCFC}.Debug|Any CPU.Build.0 = Debug|Any CPU
		{8CEE1712-55C6-432B-8152-DD7BF0E3BCFC}.Release|Any CPU.ActiveCfg = Release|Any CPU
		{8CEE1712-55C6-432B-8152-DD7BF0E3BCFC}.Release|Any CPU.Build.0 = Release|Any CPU
	EndGlobalSection
	GlobalSection(SolutionProperties) = preSolution
		HideSolutionNode = FALSE
	EndGlobalSection
	GlobalSection(ExtensibilityGlobals) = postSolution
		SolutionGuid = {64FE6ECF-17D4-44CB-AFFD-D83FEB2115C3}
	EndGlobalSection
EndGlobal
